// !$*UTF8*$!
{
	archiveVersion = 1;
	classes = {
	};
	objectVersion = 56;
	objects = {

/* Begin PBXBuildFile section */
		A10000010000000000000001 /* CDFViewerApp.swift in Sources */ = {isa = PBXBuildFile; fileRef = A20000010000000000000001 /* CDFViewerApp.swift */; };
		A10000020000000000000002 /* ContentView.swift in Sources */ = {isa = PBXBuildFile; fileRef = A20000020000000000000002 /* ContentView.swift */; };
		A10000030000000000000003 /* CDFReader.swift in Sources */ = {isa = PBXBuildFile; fileRef = A20000030000000000000003 /* CDFReader.swift */; };
		A10000040000000000000004 /* CDFBinaryReader.swift in Sources */ = {isa = PBXBuildFile; fileRef = A20000040000000000000004 /* CDFBinaryReader.swift */; };
		A10000050000000000000005 /* CDFRecords.swift in Sources */ = {isa = PBXBuildFile; fileRef = A20000050000000000000005 /* CDFRecords.swift */; };
		A10000060000000000000006 /* CDFDataTypes.swift in Sources */ = {isa = PBXBuildFile; fileRef = A20000060000000000000006 /* CDFDataTypes.swift */; };
		A10000070000000000000007 /* CDFCompression.swift in Sources */ = {isa = PBXBuildFile; fileRef = A20000070000000000000007 /* CDFCompression.swift */; };
		A10000080000000000000008 /* CDFFile.swift in Sources */ = {isa = PBXBuildFile; fileRef = A20000080000000000000008 /* CDFFile.swift */; };
		A10000090000000000000009 /* CDFVariable.swift in Sources */ = {isa = PBXBuildFile; fileRef = A20000090000000000000009 /* CDFVariable.swift */; };
		A1000010000000000000000A /* CDFError.swift in Sources */ = {isa = PBXBuildFile; fileRef = A2000010000000000000000A /* CDFError.swift */; };
		A1000011000000000000000B /* CDFViewModel.swift in Sources */ = {isa = PBXBuildFile; fileRef = A2000011000000000000000B /* CDFViewModel.swift */; };
		A1000012000000000000000C /* VariableListView.swift in Sources */ = {isa = PBXBuildFile; fileRef = A2000012000000000000000C /* VariableListView.swift */; };
		A1000013000000000000000D /* DataTableView.swift in Sources */ = {isa = PBXBuildFile; fileRef = A2000013000000000000000D /* DataTableView.swift */; };
		A1000014000000000000000E /* FileInfoView.swift in Sources */ = {isa = PBXBuildFile; fileRef = A2000014000000000000000E /* FileInfoView.swift */; };
		A1000015000000000000000F /* VectorInspectorView.swift in Sources */ = {isa = PBXBuildFile; fileRef = A2000015000000000000000F /* VectorInspectorView.swift */; };
		A10000160000000000000010 /* TimeSeriesChartView.swift in Sources */ = {isa = PBXBuildFile; fileRef = A20000160000000000000010 /* TimeSeriesChartView.swift */; };
		A10000170000000000000011 /* GlobeView.swift in Sources */ = {isa = PBXBuildFile; fileRef = A20000170000000000000011 /* GlobeView.swift */; };
		A10000180000000000000012 /* blue_marble.jpg in Resources */ = {isa = PBXBuildFile; fileRef = A20000180000000000000012 /* blue_marble.jpg */; };
		A10000190000000000000013 /* Assets.xcassets in Resources */ = {isa = PBXBuildFile; fileRef = A20000190000000000000013 /* Assets.xcassets */; };
		A1000020000000000000001A /* VariableSidebarView.swift in Sources */ = {isa = PBXBuildFile; fileRef = A2000020000000000000001A /* VariableSidebarView.swift */; };
		A1000021000000000000001B /* DataTableNSView.swift in Sources */ = {isa = PBXBuildFile; fileRef = A2000021000000000000001B /* DataTableNSView.swift */; };
		A1000022000000000000001C /* CDFNSDocument.swift in Sources */ = {isa = PBXBuildFile; fileRef = A2000022000000000000001C /* CDFNSDocument.swift */; };
		A1000023000000000000001D /* AppDelegate.swift in Sources */ = {isa = PBXBuildFile; fileRef = A2000023000000000000001D /* AppDelegate.swift */; };
		A1000024000000000000001E /* URL+ExtendedAttributes.swift in Sources */ = {isa = PBXBuildFile; fileRef = A2000024000000000000001E /* URL+ExtendedAttributes.swift */; };
		A1000025000000000000001F /* VariableMetadata.swift in Sources */ = {isa = PBXBuildFile; fileRef = A2000025000000000000001F /* VariableMetadata.swift */; };
		A10000260000000000000020 /* VariableInfoPopover.swift in Sources */ = {isa = PBXBuildFile; fileRef = A20000260000000000000020 /* VariableInfoPopover.swift */; };
		A10000270000000000000021 /* NavigationSidebarContainer.swift in Sources */ = {isa = PBXBuildFile; fileRef = A20000270000000000000021 /* NavigationSidebarContainer.swift */; };
		A10000280000000000000022 /* CanvasLineChart.swift in Sources */ = {isa = PBXBuildFile; fileRef = A20000280000000000000022 /* CanvasLineChart.swift */; };
/* End PBXBuildFile section */

/* Begin PBXFileReference section */
		A00000010000000000000001 /* CDFViewer.app */ = {isa = PBXFileReference; explicitFileType = wrapper.application; includeInIndex = 0; path = CDFViewer.app; sourceTree = BUILT_PRODUCTS_DIR; };
		A20000010000000000000001 /* CDFViewerApp.swift */ = {isa = PBXFileReference; lastKnownFileType = sourcecode.swift; path = CDFViewerApp.swift; sourceTree = "<group>"; };
		A20000020000000000000002 /* ContentView.swift */ = {isa = PBXFileReference; lastKnownFileType = sourcecode.swift; path = ContentView.swift; sourceTree = "<group>"; };
		A20000030000000000000003 /* CDFReader.swift */ = {isa = PBXFileReference; lastKnownFileType = sourcecode.swift; path = CDFReader.swift; sourceTree = "<group>"; };
		A20000040000000000000004 /* CDFBinaryReader.swift */ = {isa = PBXFileReference; lastKnownFileType = sourcecode.swift; path = CDFBinaryReader.swift; sourceTree = "<group>"; };
		A20000050000000000000005 /* CDFRecords.swift */ = {isa = PBXFileReference; lastKnownFileType = sourcecode.swift; path = CDFRecords.swift; sourceTree = "<group>"; };
		A20000060000000000000006 /* CDFDataTypes.swift */ = {isa = PBXFileReference; lastKnownFileType = sourcecode.swift; path = CDFDataTypes.swift; sourceTree = "<group>"; };
		A20000070000000000000007 /* CDFCompression.swift */ = {isa = PBXFileReference; lastKnownFileType = sourcecode.swift; path = CDFCompression.swift; sourceTree = "<group>"; };
		A20000080000000000000008 /* CDFFile.swift */ = {isa = PBXFileReference; lastKnownFileType = sourcecode.swift; path = CDFFile.swift; sourceTree = "<group>"; };
		A20000090000000000000009 /* CDFVariable.swift */ = {isa = PBXFileReference; lastKnownFileType = sourcecode.swift; path = CDFVariable.swift; sourceTree = "<group>"; };
		A2000010000000000000000A /* CDFError.swift */ = {isa = PBXFileReference; lastKnownFileType = sourcecode.swift; path = CDFError.swift; sourceTree = "<group>"; };
		A2000011000000000000000B /* CDFViewModel.swift */ = {isa = PBXFileReference; lastKnownFileType = sourcecode.swift; path = CDFViewModel.swift; sourceTree = "<group>"; };
		A2000012000000000000000C /* VariableListView.swift */ = {isa = PBXFileReference; lastKnownFileType = sourcecode.swift; path = VariableListView.swift; sourceTree = "<group>"; };
		A2000013000000000000000D /* DataTableView.swift */ = {isa = PBXFileReference; lastKnownFileType = sourcecode.swift; path = DataTableView.swift; sourceTree = "<group>"; };
		A2000014000000000000000E /* FileInfoView.swift */ = {isa = PBXFileReference; lastKnownFileType = sourcecode.swift; path = FileInfoView.swift; sourceTree = "<group>"; };
		A2000015000000000000000F /* VectorInspectorView.swift */ = {isa = PBXFileReference; lastKnownFileType = sourcecode.swift; path = VectorInspectorView.swift; sourceTree = "<group>"; };
		A20000160000000000000010 /* TimeSeriesChartView.swift */ = {isa = PBXFileReference; lastKnownFileType = sourcecode.swift; path = TimeSeriesChartView.swift; sourceTree = "<group>"; };
		A20000170000000000000011 /* GlobeView.swift */ = {isa = PBXFileReference; lastKnownFileType = sourcecode.swift; path = GlobeView.swift; sourceTree = "<group>"; };
		A20000180000000000000012 /* blue_marble.jpg */ = {isa = PBXFileReference; lastKnownFileType = image.jpeg; path = blue_marble.jpg; sourceTree = "<group>"; };
		A20000190000000000000013 /* Assets.xcassets */ = {isa = PBXFileReference; lastKnownFileType = folder.assetcatalog; path = Assets.xcassets; sourceTree = "<group>"; };
		A2000020000000000000001A /* VariableSidebarView.swift */ = {isa = PBXFileReference; lastKnownFileType = sourcecode.swift; path = VariableSidebarView.swift; sourceTree = "<group>"; };
		A2000021000000000000001B /* DataTableNSView.swift */ = {isa = PBXFileReference; lastKnownFileType = sourcecode.swift; path = DataTableNSView.swift; sourceTree = "<group>"; };
		A2000022000000000000001C /* CDFNSDocument.swift */ = {isa = PBXFileReference; lastKnownFileType = sourcecode.swift; path = CDFNSDocument.swift; sourceTree = "<group>"; };
		A2000023000000000000001D /* AppDelegate.swift */ = {isa = PBXFileReference; lastKnownFileType = sourcecode.swift; path = AppDelegate.swift; sourceTree = "<group>"; };
		A2000024000000000000001E /* URL+ExtendedAttributes.swift */ = {isa = PBXFileReference; lastKnownFileType = sourcecode.swift; path = "URL+ExtendedAttributes.swift"; sourceTree = "<group>"; };
		A2000025000000000000001F /* VariableMetadata.swift */ = {isa = PBXFileReference; lastKnownFileType = sourcecode.swift; path = VariableMetadata.swift; sourceTree = "<group>"; };
		A20000260000000000000020 /* VariableInfoPopover.swift */ = {isa = PBXFileReference; lastKnownFileType = sourcecode.swift; path = VariableInfoPopover.swift; sourceTree = "<group>"; };
		A20000270000000000000021 /* NavigationSidebarContainer.swift */ = {isa = PBXFileReference; lastKnownFileType = sourcecode.swift; path = NavigationSidebarContainer.swift; sourceTree = "<group>"; };
		A20000280000000000000022 /* CanvasLineChart.swift */ = {isa = PBXFileReference; lastKnownFileType = sourcecode.swift; path = CanvasLineChart.swift; sourceTree = "<group>"; };
/* End PBXFileReference section */

/* Begin PBXFrameworksBuildPhase section */
		A30000010000000000000001 /* Frameworks */ = {
			isa = PBXFrameworksBuildPhase;
			buildActionMask = 2147483647;
			files = (
			);
			runOnlyForDeploymentPostprocessing = 0;
		};
/* End PBXFrameworksBuildPhase section */

/* Begin PBXGroup section */
		A40000010000000000000001 = {
			isa = PBXGroup;
			children = (
				A40000020000000000000002 /* CDFViewer */,
				A40000030000000000000003 /* Products */,
			);
			sourceTree = "<group>";
		};
		A40000020000000000000002 /* CDFViewer */ = {
			isa = PBXGroup;
			children = (
				A40000040000000000000004 /* App */,
				A40000050000000000000005 /* CDFParser */,
				A40000060000000000000006 /* Models */,
				A40000070000000000000007 /* Views */,
				A40000080000000000000008 /* ViewModels */,
				A4000010000000000000000A /* Extensions */,
				A40000090000000000000009 /* Resources */,
			);
			path = CDFViewer;
			sourceTree = "<group>";
		};
		A4000010000000000000000A /* Extensions */ = {
			isa = PBXGroup;
			children = (
				A2000024000000000000001E /* URL+ExtendedAttributes.swift */,
			);
			path = Extensions;
			sourceTree = "<group>";
		};
		A40000030000000000000003 /* Products */ = {
			isa = PBXGroup;
			children = (
				A00000010000000000000001 /* CDFViewer.app */,
			);
			name = Products;
			sourceTree = "<group>";
		};
		A40000040000000000000004 /* App */ = {
			isa = PBXGroup;
			children = (
				A20000010000000000000001 /* CDFViewerApp.swift */,
				A20000020000000000000002 /* ContentView.swift */,
				A2000022000000000000001C /* CDFNSDocument.swift */,
				A2000023000000000000001D /* AppDelegate.swift */,
			);
			path = App;
			sourceTree = "<group>";
		};
		A40000050000000000000005 /* CDFParser */ = {
			isa = PBXGroup;
			children = (
				A20000030000000000000003 /* CDFReader.swift */,
				A20000040000000000000004 /* CDFBinaryReader.swift */,
				A20000050000000000000005 /* CDFRecords.swift */,
				A20000060000000000000006 /* CDFDataTypes.swift */,
				A20000070000000000000007 /* CDFCompression.swift */,
			);
			path = CDFParser;
			sourceTree = "<group>";
		};
		A40000060000000000000006 /* Models */ = {
			isa = PBXGroup;
			children = (
				A20000080000000000000008 /* CDFFile.swift */,
				A20000090000000000000009 /* CDFVariable.swift */,
				A2000010000000000000000A /* CDFError.swift */,
				A2000025000000000000001F /* VariableMetadata.swift */,
			);
			path = Models;
			sourceTree = "<group>";
		};
		A40000070000000000000007 /* Views */ = {
			isa = PBXGroup;
			children = (
				A2000012000000000000000C /* VariableListView.swift */,
				A2000013000000000000000D /* DataTableView.swift */,
				A2000021000000000000001B /* DataTableNSView.swift */,
				A2000014000000000000000E /* FileInfoView.swift */,
				A2000015000000000000000F /* VectorInspectorView.swift */,
				A20000160000000000000010 /* TimeSeriesChartView.swift */,
				A20000170000000000000011 /* GlobeView.swift */,
				A2000020000000000000001A /* VariableSidebarView.swift */,
				A20000260000000000000020 /* VariableInfoPopover.swift */,
				A20000270000000000000021 /* NavigationSidebarContainer.swift */,
				A20000280000000000000022 /* CanvasLineChart.swift */,
			);
			path = Views;
			sourceTree = "<group>";
		};
		A40000080000000000000008 /* ViewModels */ = {
			isa = PBXGroup;
			children = (
				A2000011000000000000000B /* CDFViewModel.swift */,
			);
			path = ViewModels;
			sourceTree = "<group>";
		};
		A40000090000000000000009 /* Resources */ = {
			isa = PBXGroup;
			children = (
				A20000190000000000000013 /* Assets.xcassets */,
				A20000180000000000000012 /* blue_marble.jpg */,
			);
			path = Resources;
			sourceTree = "<group>";
		};
/* End PBXGroup section */

/* Begin PBXNativeTarget section */
		A50000010000000000000001 /* CDFViewer */ = {
			isa = PBXNativeTarget;
			buildConfigurationList = A60000010000000000000001 /* Build configuration list for PBXNativeTarget "CDFViewer" */;
			buildPhases = (
				A70000010000000000000001 /* Sources */,
				A30000010000000000000001 /* Frameworks */,
				A70000020000000000000002 /* Resources */,
				A70000030000000000000003 /* Set Version from Git Tag */,
			);
			buildRules = (
			);
			dependencies = (
			);
			name = CDFViewer;
			productName = CDFViewer;
			productReference = A00000010000000000000001 /* CDFViewer.app */;
			productType = "com.apple.product-type.application";
		};
/* End PBXNativeTarget section */

/* Begin PBXProject section */
		A80000010000000000000001 /* Project object */ = {
			isa = PBXProject;
			attributes = {
				BuildIndependentTargetsInParallel = 1;
				LastSwiftUpdateCheck = 1500;
				LastUpgradeCheck = 1500;
				TargetAttributes = {
					A50000010000000000000001 = {
						CreatedOnToolsVersion = 15.0;
					};
				};
			};
			buildConfigurationList = A60000020000000000000002 /* Build configuration list for PBXProject "CDFViewer" */;
			compatibilityVersion = "Xcode 14.0";
			developmentRegion = en;
			hasScannedForEncodings = 0;
			knownRegions = (
				en,
				Base,
			);
			mainGroup = A40000010000000000000001;
			productRefGroup = A40000030000000000000003 /* Products */;
			projectDirPath = "";
			projectRoot = "";
			targets = (
				A50000010000000000000001 /* CDFViewer */,
			);
		};
/* End PBXProject section */

/* Begin PBXSourcesBuildPhase section */
		A70000010000000000000001 /* Sources */ = {
			isa = PBXSourcesBuildPhase;
			buildActionMask = 2147483647;
			files = (
				A10000010000000000000001 /* CDFViewerApp.swift in Sources */,
				A10000020000000000000002 /* ContentView.swift in Sources */,
				A10000030000000000000003 /* CDFReader.swift in Sources */,
				A10000040000000000000004 /* CDFBinaryReader.swift in Sources */,
				A10000050000000000000005 /* CDFRecords.swift in Sources */,
				A10000060000000000000006 /* CDFDataTypes.swift in Sources */,
				A10000070000000000000007 /* CDFCompression.swift in Sources */,
				A10000080000000000000008 /* CDFFile.swift in Sources */,
				A10000090000000000000009 /* CDFVariable.swift in Sources */,
				A1000010000000000000000A /* CDFError.swift in Sources */,
				A1000011000000000000000B /* CDFViewModel.swift in Sources */,
				A1000012000000000000000C /* VariableListView.swift in Sources */,
				A1000013000000000000000D /* DataTableView.swift in Sources */,
				A1000014000000000000000E /* FileInfoView.swift in Sources */,
				A1000015000000000000000F /* VectorInspectorView.swift in Sources */,
				A10000160000000000000010 /* TimeSeriesChartView.swift in Sources */,
				A10000170000000000000011 /* GlobeView.swift in Sources */,
				A1000020000000000000001A /* VariableSidebarView.swift in Sources */,
				A1000021000000000000001B /* DataTableNSView.swift in Sources */,
				A1000022000000000000001C /* CDFNSDocument.swift in Sources */,
				A1000023000000000000001D /* AppDelegate.swift in Sources */,
				A1000024000000000000001E /* URL+ExtendedAttributes.swift in Sources */,
				A1000025000000000000001F /* VariableMetadata.swift in Sources */,
				A10000260000000000000020 /* VariableInfoPopover.swift in Sources */,
				A10000270000000000000021 /* NavigationSidebarContainer.swift in Sources */,
				A10000280000000000000022 /* CanvasLineChart.swift in Sources */,
			);
			runOnlyForDeploymentPostprocessing = 0;
		};
/* End PBXSourcesBuildPhase section */

/* Begin PBXResourcesBuildPhase section */
		A70000020000000000000002 /* Resources */ = {
			isa = PBXResourcesBuildPhase;
			buildActionMask = 2147483647;
			files = (
				A10000190000000000000013 /* Assets.xcassets in Resources */,
				A10000180000000000000012 /* blue_marble.jpg in Resources */,
			);
			runOnlyForDeploymentPostprocessing = 0;
		};
/* End PBXResourcesBuildPhase section */

/* Begin PBXShellScriptBuildPhase section */
		A70000030000000000000003 /* Set Version from Git Tag */ = {
			isa = PBXShellScriptBuildPhase;
			buildActionMask = 2147483647;
			files = (
			);
			inputPaths = (
			);
			name = "Set Version from Git Tag";
			outputPaths = (
			);
			runOnlyForDeploymentPostprocessing = 0;
			shellPath = /bin/bash;
			shellScript = "# Get version from latest git tag (strips 'v' prefix)\nVERSION=$(git describe --tags --abbrev=0 2>/dev/null | sed 's/^v//')\nif [ -z \"$VERSION\" ]; then\n    VERSION=\"0.0.0-dev\"\nfi\n\n# Get short git SHA for build number\nGIT_SHA=$(git rev-parse --short HEAD 2>/dev/null)\nif [ -z \"$GIT_SHA\" ]; then\n    GIT_SHA=\"unknown\"\nfi\n\nPLIST=\"${TARGET_BUILD_DIR}/${INFOPLIST_PATH}\"\n\n# Update version (delete first to handle both add/update cases)\n/usr/libexec/PlistBuddy -c \"Delete :CFBundleShortVersionString\" \"$PLIST\" 2>/dev/null || true\n/usr/libexec/PlistBuddy -c \"Add :CFBundleShortVersionString string $VERSION\" \"$PLIST\"\n\n# Update build number\n/usr/libexec/PlistBuddy -c \"Delete :CFBundleVersion\" \"$PLIST\" 2>/dev/null || true\n/usr/libexec/PlistBuddy -c \"Add :CFBundleVersion string $GIT_SHA\" \"$PLIST\"\n";
		};
/* End PBXShellScriptBuildPhase section */

/* Begin XCBuildConfiguration section */
		A90000010000000000000001 /* Debug */ = {
			isa = XCBuildConfiguration;
			buildSettings = {
				ALWAYS_SEARCH_USER_PATHS = NO;
				ASSETCATALOG_COMPILER_GENERATE_SWIFT_ASSET_SYMBOL_EXTENSIONS = YES;
				CLANG_ANALYZER_NONNULL = YES;
				CLANG_ANALYZER_NUMBER_OBJECT_CONVERSION = YES_AGGRESSIVE;
				CLANG_CXX_LANGUAGE_STANDARD = "gnu++20";
				CLANG_ENABLE_MODULES = YES;
				CLANG_ENABLE_OBJC_ARC = YES;
				CLANG_ENABLE_OBJC_WEAK = YES;
				CLANG_WARN_BLOCK_CAPTURE_AUTORELEASING = YES;
				CLANG_WARN_BOOL_CONVERSION = YES;
				CLANG_WARN_COMMA = YES;
				CLANG_WARN_CONSTANT_CONVERSION = YES;
				CLANG_WARN_DEPRECATED_OBJC_IMPLEMENTATIONS = YES;
				CLANG_WARN_DIRECT_OBJC_ISA_USAGE = YES_ERROR;
				CLANG_WARN_DOCUMENTATION_COMMENTS = YES;
				CLANG_WARN_EMPTY_BODY = YES;
				CLANG_WARN_ENUM_CONVERSION = YES;
				CLANG_WARN_INFINITE_RECURSION = YES;
				CLANG_WARN_INT_CONVERSION = YES;
				CLANG_WARN_NON_LITERAL_NULL_CONVERSION = YES;
				CLANG_WARN_OBJC_IMPLICIT_RETAIN_SELF = YES;
				CLANG_WARN_OBJC_LITERAL_CONVERSION = YES;
				CLANG_WARN_OBJC_ROOT_CLASS = YES_ERROR;
				CLANG_WARN_QUOTED_INCLUDE_IN_FRAMEWORK_HEADER = YES;
				CLANG_WARN_RANGE_LOOP_ANALYSIS = YES;
				CLANG_WARN_STRICT_PROTOTYPES = YES;
				CLANG_WARN_SUSPICIOUS_MOVE = YES;
				CLANG_WARN_UNGUARDED_AVAILABILITY = YES_AGGRESSIVE;
				CLANG_WARN_UNREACHABLE_CODE = YES;
				CLANG_WARN__DUPLICATE_METHOD_MATCH = YES;
				COPY_PHASE_STRIP = NO;
				DEBUG_INFORMATION_FORMAT = dwarf;
				ENABLE_STRICT_OBJC_MSGSEND = YES;
				ENABLE_TESTABILITY = YES;
				ENABLE_USER_SCRIPT_SANDBOXING = NO;
				GCC_C_LANGUAGE_STANDARD = gnu17;
				GCC_DYNAMIC_NO_PIC = NO;
				GCC_NO_COMMON_BLOCKS = YES;
				GCC_OPTIMIZATION_LEVEL = 0;
				GCC_PREPROCESSOR_DEFINITIONS = (
					"DEBUG=1",
					"$(inherited)",
				);
				GCC_WARN_64_TO_32_BIT_CONVERSION = YES;
				GCC_WARN_ABOUT_RETURN_TYPE = YES_ERROR;
				GCC_WARN_UNDECLARED_SELECTOR = YES;
				GCC_WARN_UNINITIALIZED_AUTOS = YES_AGGRESSIVE;
				GCC_WARN_UNUSED_FUNCTION = YES;
				GCC_WARN_UNUSED_VARIABLE = YES;
				MACOSX_DEPLOYMENT_TARGET = 14.0;
				MTL_ENABLE_DEBUG_INFO = INCLUDE_SOURCE;
				MTL_FAST_MATH = YES;
				ONLY_ACTIVE_ARCH = YES;
				SDKROOT = macosx;
				SWIFT_ACTIVE_COMPILATION_CONDITIONS = "DEBUG $(inherited)";
				SWIFT_OPTIMIZATION_LEVEL = "-Onone";
			};
			name = Debug;
		};
		A90000020000000000000002 /* Release */ = {
			isa = XCBuildConfiguration;
			buildSettings = {
				ALWAYS_SEARCH_USER_PATHS = NO;
				ASSETCATALOG_COMPILER_GENERATE_SWIFT_ASSET_SYMBOL_EXTENSIONS = YES;
				CLANG_ANALYZER_NONNULL = YES;
				CLANG_ANALYZER_NUMBER_OBJECT_CONVERSION = YES_AGGRESSIVE;
				CLANG_CXX_LANGUAGE_STANDARD = "gnu++20";
				CLANG_ENABLE_MODULES = YES;
				CLANG_ENABLE_OBJC_ARC = YES;
				CLANG_ENABLE_OBJC_WEAK = YES;
				CLANG_WARN_BLOCK_CAPTURE_AUTORELEASING = YES;
				CLANG_WARN_BOOL_CONVERSION = YES;
				CLANG_WARN_COMMA = YES;
				CLANG_WARN_CONSTANT_CONVERSION = YES;
				CLANG_WARN_DEPRECATED_OBJC_IMPLEMENTATIONS = YES;
				CLANG_WARN_DIRECT_OBJC_ISA_USAGE = YES_ERROR;
				CLANG_WARN_DOCUMENTATION_COMMENTS = YES;
				CLANG_WARN_EMPTY_BODY = YES;
				CLANG_WARN_ENUM_CONVERSION = YES;
				CLANG_WARN_INFINITE_RECURSION = YES;
				CLANG_WARN_INT_CONVERSION = YES;
				CLANG_WARN_NON_LITERAL_NULL_CONVERSION = YES;
				CLANG_WARN_OBJC_IMPLICIT_RETAIN_SELF = YES;
				CLANG_WARN_OBJC_LITERAL_CONVERSION = YES;
				CLANG_WARN_OBJC_ROOT_CLASS = YES_ERROR;
				CLANG_WARN_QUOTED_INCLUDE_IN_FRAMEWORK_HEADER = YES;
				CLANG_WARN_RANGE_LOOP_ANALYSIS = YES;
				CLANG_WARN_STRICT_PROTOTYPES = YES;
				CLANG_WARN_SUSPICIOUS_MOVE = YES;
				CLANG_WARN_UNGUARDED_AVAILABILITY = YES_AGGRESSIVE;
				CLANG_WARN_UNREACHABLE_CODE = YES;
				CLANG_WARN__DUPLICATE_METHOD_MATCH = YES;
				COPY_PHASE_STRIP = NO;
				DEBUG_INFORMATION_FORMAT = "dwarf-with-dsym";
				ENABLE_NS_ASSERTIONS = NO;
				ENABLE_STRICT_OBJC_MSGSEND = YES;
				ENABLE_USER_SCRIPT_SANDBOXING = NO;
				GCC_C_LANGUAGE_STANDARD = gnu17;
				GCC_NO_COMMON_BLOCKS = YES;
				GCC_WARN_64_TO_32_BIT_CONVERSION = YES;
				GCC_WARN_ABOUT_RETURN_TYPE = YES_ERROR;
				GCC_WARN_UNDECLARED_SELECTOR = YES;
				GCC_WARN_UNINITIALIZED_AUTOS = YES_AGGRESSIVE;
				GCC_WARN_UNUSED_FUNCTION = YES;
				GCC_WARN_UNUSED_VARIABLE = YES;
				MACOSX_DEPLOYMENT_TARGET = 14.0;
				MTL_ENABLE_DEBUG_INFO = NO;
				MTL_FAST_MATH = YES;
				SDKROOT = macosx;
				SWIFT_COMPILATION_MODE = wholemodule;
			};
			name = Release;
		};
		A90000030000000000000003 /* Debug */ = {
			isa = XCBuildConfiguration;
			buildSettings = {
				ASSETCATALOG_COMPILER_APPICON_NAME = AppIcon;
				ASSETCATALOG_COMPILER_GLOBAL_ACCENT_COLOR_NAME = AccentColor;
				CODE_SIGN_ENTITLEMENTS = CDFViewer/CDFViewer.entitlements;
				CODE_SIGN_STYLE = Automatic;
				COMBINE_HIDPI_IMAGES = YES;
				CURRENT_PROJECT_VERSION = 1;
				DEVELOPMENT_TEAM = "";
				ENABLE_HARDENED_RUNTIME = YES;
				GENERATE_INFOPLIST_FILE = YES;
				INFOPLIST_FILE = CDFViewer/Info.plist;
				INFOPLIST_KEY_CFBundleDisplayName = "CDF Viewer";
				INFOPLIST_KEY_LSApplicationCategoryType = "public.app-category.developer-tools";
				INFOPLIST_KEY_NSHumanReadableCopyright = "";
				LD_RUNPATH_SEARCH_PATHS = (
					"$(inherited)",
					"@executable_path/../Frameworks",
				);
				MARKETING_VERSION = 0.4.4;
				PRODUCT_BUNDLE_IDENTIFIER = com.example.CDFViewer;
				PRODUCT_NAME = "$(TARGET_NAME)";
				SWIFT_EMIT_LOC_STRINGS = YES;
				SWIFT_VERSION = 5.0;
			};
			name = Debug;
		};
		A90000040000000000000004 /* Release */ = {
			isa = XCBuildConfiguration;
			buildSettings = {
				ASSETCATALOG_COMPILER_APPICON_NAME = AppIcon;
				ASSETCATALOG_COMPILER_GLOBAL_ACCENT_COLOR_NAME = AccentColor;
				CODE_SIGN_ENTITLEMENTS = CDFViewer/CDFViewer.entitlements;
				CODE_SIGN_STYLE = Automatic;
				COMBINE_HIDPI_IMAGES = YES;
				CURRENT_PROJECT_VERSION = 1;
				DEVELOPMENT_TEAM = "";
				ENABLE_HARDENED_RUNTIME = YES;
				GENERATE_INFOPLIST_FILE = YES;
				INFOPLIST_FILE = CDFViewer/Info.plist;
				INFOPLIST_KEY_CFBundleDisplayName = "CDF Viewer";
				INFOPLIST_KEY_LSApplicationCategoryType = "public.app-category.developer-tools";
				INFOPLIST_KEY_NSHumanReadableCopyright = "";
				LD_RUNPATH_SEARCH_PATHS = (
					"$(inherited)",
					"@executable_path/../Frameworks",
				);
				MARKETING_VERSION = 0.4.4;
				PRODUCT_BUNDLE_IDENTIFIER = com.example.CDFViewer;
				PRODUCT_NAME = "$(TARGET_NAME)";
				SWIFT_EMIT_LOC_STRINGS = YES;
				SWIFT_VERSION = 5.0;
			};
			name = Release;
		};
/* End XCBuildConfiguration section */

/* Begin XCConfigurationList section */
		A60000010000000000000001 /* Build configuration list for PBXNativeTarget "CDFViewer" */ = {
			isa = XCConfigurationList;
			buildConfigurations = (
				A90000030000000000000003 /* Debug */,
				A90000040000000000000004 /* Release */,
			);
			defaultConfigurationIsVisible = 0;
			defaultConfigurationName = Release;
		};
		A60000020000000000000002 /* Build configuration list for PBXProject "CDFViewer" */ = {
			isa = XCConfigurationList;
			buildConfigurations = (
				A90000010000000000000001 /* Debug */,
				A90000020000000000000002 /* Release */,
			);
			defaultConfigurationIsVisible = 0;
			defaultConfigurationName = Release;
		};
/* End XCConfigurationList section */
	};
	rootObject = A80000010000000000000001 /* Project object */;
}
